
Microsoft Visual Studio Solution File, Format Version 12.00
# Visual Studio Version 16
VisualStudioVersion = 16.0.29509.3
MinimumVisualStudioVersion = 10.0.40219.1
Project("{888888A0-9F3D-457C-B088-3A5042F75D52}") = "IrisPrediction", "IrisPrediction.pyproj", "{59E401AF-C0E9-4056-B71F-EBB6E9FCCBA9}"
EndProject
Global
	GlobalSection(SolutionConfigurationPlatforms) = preSolution
		Debug|Any CPU = Debug|Any CPU
		Release|Any CPU = Release|Any CPU
	EndGlobalSection
	GlobalSection(ProjectConfigurationPlatforms) = postSolution
		{59E401AF-C0E9-4056-B71F-EBB6E9FCCBA9}.Debug|Any CPU.ActiveCfg = Debug|Any CPU
		{59E401AF-C0E9-4056-B71F-EBB6E9FCCBA9}.Debug|Any CPU.Build.0 = Debug|Any CPU
		{59E401AF-C0E9-4056-B71F-EBB6E9FCCBA9}.Release|Any CPU.ActiveCfg = Release|Any CPU
		{59E401AF-C0E9-4056-B71F-EBB6E9FCCBA9}.Release|Any CPU.Build.0 = Release|Any CPU
	EndGlobalSection
	GlobalSection(SolutionProperties) = preSolution
		HideSolutionNode = FALSE
	EndGlobalSection
	GlobalSection(ExtensibilityGlobals) = postSolution
		SolutionGuid = {B978B623-EB49-4966-8739-7DCE3D0E1211}
	EndGlobalSection
EndGlobal
